{
  "nodes": {
    "nixpkgs": {
      "locked": {
        "lastModified": 1780747962,
        "narHash": "sha256-IX7G1dlKrOqPOImfbo7ADDfV5yU1+j+MRChI3TL4tAA=",
        "owner": "NixOS",
        "repo": "nixpkgs",
        "rev": "cbb5cf358f50aa6acc9efd6113b7bcfbc352cd73",
        "type": "github"
      },
      "original": {
        "owner": "NixOS",
        "ref": "nixpkgs-unstable",
        "repo": "nixpkgs",
        "type": "github"
      }
    },
    "opencode-darwin-arm64": {
      "flake": false,
      "locked": {
        "lastModified": 499162500,
        "narHash": "sha256-a2sdDXiXQur9seUeG26oYeSPkrGS3WJmiT0qiZhdwtM=",
        "type": "tarball",
        "url": "https://registry.npmjs.org/opencode-darwin-arm64/-/opencode-darwin-arm64-1.16.2.tgz"
      },
      "original": {
        "type": "tarball",
        "url": "https://registry.npmjs.org/opencode-darwin-arm64/-/opencode-darwin-arm64-1.16.2.tgz"
      }
    },
    "opencode-darwin-x64": {
      "flake": false,
      "locked": {
        "lastModified": 499162500,
        "narHash": "sha256-PrQV//bMpRft8jqYXgYX1FB4yaqqLgU2IBakKeEBm74=",
        "type": "tarball",
        "url": "https://registry.npmjs.org/opencode-darwin-x64/-/opencode-darwin-x64-1.16.2.tgz"
      },
      "original": {
        "type": "tarball",
        "url": "https://registry.npmjs.org/opencode-darwin-x64/-/opencode-darwin-x64-1.16.2.tgz"
      }
    },
    "opencode-linux-arm64": {
      "flake": false,
      "locked": {
        "lastModified": 499162500,
        "narHash": "sha256-mqXE3lGQWlsg4HIDr3WdWzUfnbhYP82GfStqqtrSfQc=",
        "type": "tarball",
        "url": "https://registry.npmjs.org/opencode-linux-arm64/-/opencode-linux-arm64-1.16.2.tgz"
      },
      "original": {
        "type": "tarball",
        "url": "https://registry.npmjs.org/opencode-linux-arm64/-/opencode-linux-arm64-1.16.2.tgz"
      }
    },
    "opencode-linux-x64": {
      "flake": false,
      "locked": {
        "lastModified": 499162500,
        "narHash": "sha256-uOvZkG4eLH3QYPeGPaVyIQsEswakUyX1kDqJSsV4mJI=",
        "type": "tarball",
        "url": "https://registry.npmjs.org/opencode-linux-x64/-/opencode-linux-x64-1.16.2.tgz"
      },
      "original": {
        "type": "tarball",
        "url": "https://registry.npmjs.org/opencode-linux-x64/-/opencode-linux-x64-1.16.2.tgz"
      }
    },
    "root": {
      "inputs": {
        "nixpkgs": "nixpkgs",
        "opencode-darwin-arm64": "opencode-darwin-arm64",
        "opencode-darwin-x64": "opencode-darwin-x64",
        "opencode-linux-arm64": "opencode-linux-arm64",
        "opencode-linux-x64": "opencode-linux-x64"
      }
    }
  },
  "root": "root",
  "version": 7
}
